PODS:
  - FlutterMacOS (1.0.0)
  - record_darwin (1.0.0):
    - FlutterMacOS

DEPENDENCIES:
  - FlutterMacOS (from `Flutter/ephemeral`)
  - record_darwin (from `Flutter/ephemeral/.symlinks/plugins/record_darwin/macos`)

EXTERNAL SOURCES:
  FlutterMacOS:
    :path: Flutter/ephemeral
  record_darwin:
    :path: Flutter/ephemeral/.symlinks/plugins/record_darwin/macos

SPEC CHECKSUMS:
  FlutterMacOS: 8f6f14fa908a6fb3fba0cd85dbd81ec4b251fb24
  record_darwin: a0d515a0ef78c440c123ea3ac76184c9927a94d6

PODFILE CHECKSUM: 9ebaf0ce3d369aaa26a9ea0e159195ed94724cf3

COCOAPODS: 1.16.2
