PODS:
  - FlutterMacOS (1.0.0)
  - pcm (0.0.1):
    - FlutterMacOS

DEPENDENCIES:
  - FlutterMacOS (from `Flutter/ephemeral`)
  - pcm (from `Flutter/ephemeral/.symlinks/plugins/pcm/macos`)

EXTERNAL SOURCES:
  FlutterMacOS:
    :path: Flutter/ephemeral
  pcm:
    :path: Flutter/ephemeral/.symlinks/plugins/pcm/macos

SPEC CHECKSUMS:
  FlutterMacOS: 8f6f14fa908a6fb3fba0cd85dbd81ec4b251fb24
  pcm: 70d557a4daeb1b17584a4f68719e203bb0793348

PODFILE CHECKSUM: 9ebaf0ce3d369aaa26a9ea0e159195ed94724cf3

COCOAPODS: 1.16.2
